# THIS IS AN AUTOGENERATED FILE. DO NOT EDIT THIS FILE DIRECTLY.
# yarn lockfile v1


autoprefixer@^10.2.4:
  version "10.2.4"
  resolved "https://registry.npm.taobao.org/autoprefixer/download/autoprefixer-10.2.4.tgz#c0e7cf24fcc6a1ae5d6250c623f0cb8beef2f7e1"
  integrity sha1-wOfPJPzGoa5dYlDGI/DLi+7y9+E=
  dependencies:
    browserslist "^4.16.1"
    caniuse-lite "^1.0.30001181"
    colorette "^1.2.1"
    fraction.js "^4.0.13"
    normalize-range "^0.1.2"
    postcss-value-parser "^4.1.0"

browserslist@^4.16.1:
  version "4.16.3"
  resolved "https://registry.npm.taobao.org/browserslist/download/browserslist-4.16.3.tgz?cache=0&other_urls=https%3A%2F%2Fregistry.npm.taobao.org%2Fbrowserslist%2Fdownload%2Fbrowserslist-4.16.3.tgz#340aa46940d7db878748567c5dea24a48ddf3717"
  integrity sha1-NAqkaUDX24eHSFZ8XeokpI3fNxc=
  dependencies:
    caniuse-lite "^1.0.30001181"
    colorette "^1.2.1"
    electron-to-chromium "^1.3.649"
    escalade "^3.1.1"
    node-releases "^1.1.70"

caniuse-lite@^1.0.30001181:
  version "1.0.30001191"
  resolved "https://registry.npm.taobao.org/caniuse-lite/download/caniuse-lite-1.0.30001191.tgz?cache=0&sync_timestamp=1613979294700&other_urls=https%3A%2F%2Fregistry.npm.taobao.org%2Fcaniuse-lite%2Fdownload%2Fcaniuse-lite-1.0.30001191.tgz#bacb432b6701f690c8c5f7c680166b9a9f0843d9"
  integrity sha1-ustDK2cB9pDIxffGgBZrmp8IQ9k=

colorette@^1.2.1:
  version "1.2.1"
  resolved "https://registry.npm.taobao.org/colorette/download/colorette-1.2.1.tgz#4d0b921325c14faf92633086a536db6e89564b1b"
  integrity sha1-TQuSEyXBT6+SYzCGpTbbbolWSxs=

commander@*:
  version "7.1.0"
  resolved "https://registry.npm.taobao.org/commander/download/commander-7.1.0.tgz?cache=0&sync_timestamp=1613374024216&other_urls=https%3A%2F%2Fregistry.npm.taobao.org%2Fcommander%2Fdownload%2Fcommander-7.1.0.tgz#f2eaecf131f10e36e07d894698226e36ae0eb5ff"
  integrity sha1-8urs8THxDjbgfYlGmCJuNq4Otf8=

copy-anything@^2.0.1:
  version "2.0.3"
  resolved "https://registry.npm.taobao.org/copy-anything/download/copy-anything-2.0.3.tgz#842407ba02466b0df844819bbe3baebbe5d45d87"
  integrity sha1-hCQHugJGaw34RIGbvjuuu+XUXYc=
  dependencies:
    is-what "^3.12.0"

debug@^3.2.6:
  version "3.2.7"
  resolved "https://registry.npm.taobao.org/debug/download/debug-3.2.7.tgz?cache=0&sync_timestamp=1607566580543&other_urls=https%3A%2F%2Fregistry.npm.taobao.org%2Fdebug%2Fdownload%2Fdebug-3.2.7.tgz#72580b7e9145fb39b6676f9c5e5fb100b934179a"
  integrity sha1-clgLfpFF+zm2Z2+cXl+xALk0F5o=
  dependencies:
    ms "^2.1.1"

electron-to-chromium@^1.3.649:
  version "1.3.673"
  resolved "https://registry.npm.taobao.org/electron-to-chromium/download/electron-to-chromium-1.3.673.tgz?cache=0&sync_timestamp=1614136463199&other_urls=https%3A%2F%2Fregistry.npm.taobao.org%2Felectron-to-chromium%2Fdownload%2Felectron-to-chromium-1.3.673.tgz#b4f81c930b388f962b7eba20d0483299aaa40913"
  integrity sha1-tPgckws4j5Yrfrog0EgymaqkCRM=

errno@^0.1.1:
  version "0.1.8"
  resolved "https://registry.npm.taobao.org/errno/download/errno-0.1.8.tgz#8bb3e9c7d463be4976ff888f76b4809ebc2e811f"
  integrity sha1-i7Ppx9Rjvkl2/4iPdrSAnrwugR8=
  dependencies:
    prr "~1.0.1"

esbuild@^0.8.47:
  version "0.8.51"
  resolved "https://registry.npm.taobao.org/esbuild/download/esbuild-0.8.51.tgz#1a59f1fee34892f143b7009081f9b4901a564b93"
  integrity sha1-Glnx/uNIkvFDtwCQgfm0kBpWS5M=

escalade@^3.1.1:
  version "3.1.1"
  resolved "https://registry.npm.taobao.org/escalade/download/escalade-3.1.1.tgz?cache=0&sync_timestamp=1602567230854&other_urls=https%3A%2F%2Fregistry.npm.taobao.org%2Fescalade%2Fdownload%2Fescalade-3.1.1.tgz#d8cfdc7000965c5a0174b4a82eaa5c0552742e40"
  integrity sha1-2M/ccACWXFoBdLSoLqpcBVJ0LkA=

fraction.js@^4.0.13:
  version "4.0.13"
  resolved "https://registry.npm.taobao.org/fraction.js/download/fraction.js-4.0.13.tgz#3c1c315fa16b35c85fffa95725a36fa729c69dfe"
  integrity sha1-PBwxX6FrNchf/6lXJaNvpynGnf4=

fsevents@~2.3.1:
  version "2.3.2"
  resolved "https://registry.npm.taobao.org/fsevents/download/fsevents-2.3.2.tgz#8a526f78b8fdf4623b709e0b975c52c24c02fd1a"
  integrity sha1-ilJveLj99GI7cJ4Ll1xSwkwC/Ro=

function-bind@^1.1.1:
  version "1.1.1"
  resolved "https://registry.npm.taobao.org/function-bind/download/function-bind-1.1.1.tgz#a56899d3ea3c9bab874bb9773b7c5ede92f4895d"
  integrity sha1-pWiZ0+o8m6uHS7l3O3xe3pL0iV0=

graceful-fs@^4.1.2:
  version "4.2.6"
  resolved "https://registry.npm.taobao.org/graceful-fs/download/graceful-fs-4.2.6.tgz#ff040b2b0853b23c3d31027523706f1885d76bee"
  integrity sha1-/wQLKwhTsjw9MQJ1I3BvGIXXa+4=

has@^1.0.3:
  version "1.0.3"
  resolved "https://registry.npm.taobao.org/has/download/has-1.0.3.tgz#722d7cbfc1f6aa8241f16dd814e011e1f41e8796"
  integrity sha1-ci18v8H2qoJB8W3YFOAR4fQeh5Y=
  dependencies:
    function-bind "^1.1.1"

iconv-lite@^0.4.4:
  version "0.4.24"
  resolved "https://registry.npm.taobao.org/iconv-lite/download/iconv-lite-0.4.24.tgz#2022b4b25fbddc21d2f524974a474aafe733908b"
  integrity sha1-ICK0sl+93CHS9SSXSkdKr+czkIs=
  dependencies:
    safer-buffer ">= 2.1.2 < 3"

image-size@~0.5.0:
  version "0.5.5"
  resolved "https://registry.npm.taobao.org/image-size/download/image-size-0.5.5.tgz?cache=0&sync_timestamp=1614174238000&other_urls=https%3A%2F%2Fregistry.npm.taobao.org%2Fimage-size%2Fdownload%2Fimage-size-0.5.5.tgz#09dfd4ab9d20e29eb1c3e80b8990378df9e3cb9c"
  integrity sha1-Cd/Uq50g4p6xw+gLiZA3jfnjy5w=

is-core-module@^2.2.0:
  version "2.2.0"
  resolved "https://registry.npm.taobao.org/is-core-module/download/is-core-module-2.2.0.tgz?cache=0&sync_timestamp=1606411666495&other_urls=https%3A%2F%2Fregistry.npm.taobao.org%2Fis-core-module%2Fdownload%2Fis-core-module-2.2.0.tgz#97037ef3d52224d85163f5597b2b63d9afed981a"
  integrity sha1-lwN+89UiJNhRY/VZeytj2a/tmBo=
  dependencies:
    has "^1.0.3"

is-what@^3.12.0:
  version "3.14.1"
  resolved "https://registry.npm.taobao.org/is-what/download/is-what-3.14.1.tgz?cache=0&sync_timestamp=1613953240048&other_urls=https%3A%2F%2Fregistry.npm.taobao.org%2Fis-what%2Fdownload%2Fis-what-3.14.1.tgz#e1222f46ddda85dead0fd1c9df131760e77755c1"
  integrity sha1-4SIvRt3ahd6tD9HJ3xMXYOd3VcE=

less@^4.1.1:
  version "4.1.1"
  resolved "https://registry.npm.taobao.org/less/download/less-4.1.1.tgz#15bf253a9939791dc690888c3ff424f3e6c7edba"
  integrity sha1-Fb8lOpk5eR3GkIiMP/Qk8+bH7bo=
  dependencies:
    copy-anything "^2.0.1"
    parse-node-version "^1.0.1"
    tslib "^1.10.0"
  optionalDependencies:
    errno "^0.1.1"
    graceful-fs "^4.1.2"
    image-size "~0.5.0"
    make-dir "^2.1.0"
    mime "^1.4.1"
    needle "^2.5.2"
    source-map "~0.6.0"

make-dir@^2.1.0:
  version "2.1.0"
  resolved "https://registry.npm.taobao.org/make-dir/download/make-dir-2.1.0.tgz?cache=0&sync_timestamp=1587567875186&other_urls=https%3A%2F%2Fregistry.npm.taobao.org%2Fmake-dir%2Fdownload%2Fmake-dir-2.1.0.tgz#5f0310e18b8be898cc07009295a30ae41e91e6f5"
  integrity sha1-XwMQ4YuL6JjMBwCSlaMK5B6R5vU=
  dependencies:
    pify "^4.0.1"
    semver "^5.6.0"

mime@^1.4.1:
  version "1.6.0"
  resolved "https://registry.npm.taobao.org/mime/download/mime-1.6.0.tgz?cache=0&sync_timestamp=1613584754851&other_urls=https%3A%2F%2Fregistry.npm.taobao.org%2Fmime%2Fdownload%2Fmime-1.6.0.tgz#32cd9e5c64553bd58d19a568af452acff04981b1"
  integrity sha1-Ms2eXGRVO9WNGaVor0Uqz/BJgbE=

mockjs@^1.1.0:
  version "1.1.0"
  resolved "https://registry.npm.taobao.org/mockjs/download/mockjs-1.1.0.tgz?cache=0&sync_timestamp=1571970335876&other_urls=https%3A%2F%2Fregistry.npm.taobao.org%2Fmockjs%2Fdownload%2Fmockjs-1.1.0.tgz#e6a0c378e91906dbaff20911cc0273b3c7d75b06"
  integrity sha1-5qDDeOkZBtuv8gkRzAJzs8fXWwY=
  dependencies:
    commander "*"

ms@^2.1.1:
  version "2.1.3"
  resolved "https://registry.npm.taobao.org/ms/download/ms-2.1.3.tgz#574c8138ce1d2b5861f0b44579dbadd60c6615b2"
  integrity sha1-V0yBOM4dK1hh8LRFedut1gxmFbI=

nanoid@^3.1.20:
  version "3.1.20"
  resolved "https://registry.npm.taobao.org/nanoid/download/nanoid-3.1.20.tgz#badc263c6b1dcf14b71efaa85f6ab4c1d6cfc788"
  integrity sha1-utwmPGsdzxS3HvqoX2q0wdbPx4g=

needle@^2.5.2:
  version "2.6.0"
  resolved "https://registry.npm.taobao.org/needle/download/needle-2.6.0.tgz?cache=0&sync_timestamp=1610047594344&other_urls=https%3A%2F%2Fregistry.npm.taobao.org%2Fneedle%2Fdownload%2Fneedle-2.6.0.tgz#24dbb55f2509e2324b4a99d61f413982013ccdbe"
  integrity sha1-JNu1XyUJ4jJLSpnWH0E5ggE8zb4=
  dependencies:
    debug "^3.2.6"
    iconv-lite "^0.4.4"
    sax "^1.2.4"

node-releases@^1.1.70:
  version "1.1.71"
  resolved "https://registry.npm.taobao.org/node-releases/download/node-releases-1.1.71.tgz#cb1334b179896b1c89ecfdd4b725fb7bbdfc7dbb"
  integrity sha1-yxM0sXmJaxyJ7P3UtyX7e738fbs=

normalize-range@^0.1.2:
  version "0.1.2"
  resolved "https://registry.npm.taobao.org/normalize-range/download/normalize-range-0.1.2.tgz#2d10c06bdfd312ea9777695a4d28439456b75942"
  integrity sha1-LRDAa9/TEuqXd2laTShDlFa3WUI=

parse-node-version@^1.0.1:
  version "1.0.1"
  resolved "https://registry.npm.taobao.org/parse-node-version/download/parse-node-version-1.0.1.tgz#e2b5dbede00e7fa9bc363607f53327e8b073189b"
  integrity sha1-4rXb7eAOf6m8NjYH9TMn6LBzGJs=

path-parse@^1.0.6:
  version "1.0.6"
  resolved "https://registry.npm.taobao.org/path-parse/download/path-parse-1.0.6.tgz#d62dbb5679405d72c4737ec58600e9ddcf06d24c"
  integrity sha1-1i27VnlAXXLEc37FhgDp3c8G0kw=

pify@^4.0.1:
  version "4.0.1"
  resolved "https://registry.npm.taobao.org/pify/download/pify-4.0.1.tgz#4b2cd25c50d598735c50292224fd8c6df41e3231"
  integrity sha1-SyzSXFDVmHNcUCkiJP2MbfQeMjE=

postcss-value-parser@^4.1.0:
  version "4.1.0"
  resolved "https://registry.npm.taobao.org/postcss-value-parser/download/postcss-value-parser-4.1.0.tgz?cache=0&sync_timestamp=1588083303810&other_urls=https%3A%2F%2Fregistry.npm.taobao.org%2Fpostcss-value-parser%2Fdownload%2Fpostcss-value-parser-4.1.0.tgz#443f6a20ced6481a2bda4fa8532a6e55d789a2cb"
  integrity sha1-RD9qIM7WSBor2k+oUypuVdeJoss=

postcss@^8.2.1:
  version "8.2.6"
  resolved "https://registry.npm.taobao.org/postcss/download/postcss-8.2.6.tgz?cache=0&sync_timestamp=1612982308632&other_urls=https%3A%2F%2Fregistry.npm.taobao.org%2Fpostcss%2Fdownload%2Fpostcss-8.2.6.tgz#5d69a974543b45f87e464bc4c3e392a97d6be9fe"
  integrity sha1-XWmpdFQ7Rfh+RkvEw+OSqX1r6f4=
  dependencies:
    colorette "^1.2.1"
    nanoid "^3.1.20"
    source-map "^0.6.1"

prr@~1.0.1:
  version "1.0.1"
  resolved "https://registry.npm.taobao.org/prr/download/prr-1.0.1.tgz#d3fc114ba06995a45ec6893f484ceb1d78f5f476"
  integrity sha1-0/wRS6BplaRexok/SEzrHXj19HY=

resolve@^1.19.0:
  version "1.20.0"
  resolved "https://registry.npm.taobao.org/resolve/download/resolve-1.20.0.tgz#629a013fb3f70755d6f0b7935cc1c2c5378b1975"
  integrity sha1-YpoBP7P3B1XW8LeTXMHCxTeLGXU=
  dependencies:
    is-core-module "^2.2.0"
    path-parse "^1.0.6"

rollup@^2.38.5:
  version "2.39.1"
  resolved "https://registry.npm.taobao.org/rollup/download/rollup-2.39.1.tgz#7afd4cefd8a332c5102a8063d301fde1f31a9173"
  integrity sha1-ev1M79ijMsUQKoBj0wH94fMakXM=
  optionalDependencies:
    fsevents "~2.3.1"

"safer-buffer@>= 2.1.2 < 3":
  version "2.1.2"
  resolved "https://registry.npm.taobao.org/safer-buffer/download/safer-buffer-2.1.2.tgz#44fa161b0187b9549dd84bb91802f9bd8385cd6a"
  integrity sha1-RPoWGwGHuVSd2Eu5GAL5vYOFzWo=

sax@^1.2.4:
  version "1.2.4"
  resolved "https://registry.npm.taobao.org/sax/download/sax-1.2.4.tgz#2816234e2378bddc4e5354fab5caa895df7100d9"
  integrity sha1-KBYjTiN4vdxOU1T6tcqold9xANk=

semver@^5.6.0:
  version "5.7.1"
  resolved "https://registry.npm.taobao.org/semver/download/semver-5.7.1.tgz?cache=0&sync_timestamp=1606853731020&other_urls=https%3A%2F%2Fregistry.npm.taobao.org%2Fsemver%2Fdownload%2Fsemver-5.7.1.tgz#a954f931aeba508d307bbf069eff0c01c96116f7"
  integrity sha1-qVT5Ma66UI0we78Gnv8MAclhFvc=

source-map@^0.6.1, source-map@~0.6.0:
  version "0.6.1"
  resolved "https://registry.npm.taobao.org/source-map/download/source-map-0.6.1.tgz#74722af32e9614e9c287a8d0bbde48b5e2f1a263"
  integrity sha1-dHIq8y6WFOnCh6jQu95IteLxomM=

tslib@^1.10.0:
  version "1.14.1"
  resolved "https://registry.npm.taobao.org/tslib/download/tslib-1.14.1.tgz?cache=0&sync_timestamp=1609887438976&other_urls=https%3A%2F%2Fregistry.npm.taobao.org%2Ftslib%2Fdownload%2Ftslib-1.14.1.tgz#cf2d38bdc34a134bcaf1091c41f6619e2f672d00"
  integrity sha1-zy04vcNKE0vK8QkcQfZhni9nLQA=

typescript@^4.2.2:
  version "4.2.2"
  resolved "https://registry.npm.taobao.org/typescript/download/typescript-4.2.2.tgz?cache=0&sync_timestamp=1614161562789&other_urls=https%3A%2F%2Fregistry.npm.taobao.org%2Ftypescript%2Fdownload%2Ftypescript-4.2.2.tgz#1450f020618f872db0ea17317d16d8da8ddb8c4c"
  integrity sha1-FFDwIGGPhy2w6hcxfRbY2o3bjEw=

vite@^2.0.1:
  version "2.0.3"
  resolved "https://registry.npm.taobao.org/vite/download/vite-2.0.3.tgz#ea0329295d4da9341e670036e5e7f0bfa30ae2cf"
  integrity sha1-6gMpKV1NqTQeZwA25efwv6MK4s8=
  dependencies:
    esbuild "^0.8.47"
    postcss "^8.2.1"
    resolve "^1.19.0"
    rollup "^2.38.5"
  optionalDependencies:
    fsevents "~2.3.1"
